// !$*UTF8*$!
{
	archiveVersion = 1;
	classes = {
	};
	objectVersion = 56;
	objects = {

/* Begin PBXBuildFile section */
		6AD217562B13353000B23D39 /* Lesson_4_03_LoginField_TimerApp.swift in Sources */ = {isa = PBXBuildFile; fileRef = 6AD217552B13353000B23D39 /* Lesson_4_03_LoginField_TimerApp.swift */; };
		6AD217582B13353000B23D39 /* TimerView.swift in Sources */ = {isa = PBXBuildFile; fileRef = 6AD217572B13353000B23D39 /* TimerView.swift */; };
		6AD2175A2B13353100B23D39 /* Assets.xcassets in Resources */ = {isa = PBXBuildFile; fileRef = 6AD217592B13353100B23D39 /* Assets.xcassets */; };
		6AD2175D2B13353100B23D39 /* Preview Assets.xcassets in Resources */ = {isa = PBXBuildFile; fileRef = 6AD2175C2B13353100B23D39 /* Preview Assets.xcassets */; };
		6AD2176C2B13389800B23D39 /* StartButtonView.swift in Sources */ = {isa = PBXBuildFile; fileRef = 6AD2176B2B13389800B23D39 /* StartButtonView.swift */; };
		6AD217712B133FB800B23D39 /* MainTextView.swift in Sources */ = {isa = PBXBuildFile; fileRef = 6AD217702B133FB800B23D39 /* MainTextView.swift */; };
		6AD217742B135A1800B23D39 /* TimeCounter.swift in Sources */ = {isa = PBXBuildFile; fileRef = 6AD217732B135A1800B23D39 /* TimeCounter.swift */; };
		6AD217762B135E3A00B23D39 /* TimerViewModel.swift in Sources */ = {isa = PBXBuildFile; fileRef = 6AD217752B135E3A00B23D39 /* TimerViewModel.swift */; };
		6AD217792B13AB2C00B23D39 /* DraftButtonTitleView.swift in Sources */ = {isa = PBXBuildFile; fileRef = 6AD217782B13AB2C00B23D39 /* DraftButtonTitleView.swift */; };
		6AD2177B2B13AB9900B23D39 /* DraftButtonView.swift in Sources */ = {isa = PBXBuildFile; fileRef = 6AD2177A2B13AB9900B23D39 /* DraftButtonView.swift */; };
		6AD2177D2B14786E00B23D39 /* User.swift in Sources */ = {isa = PBXBuildFile; fileRef = 6AD2177C2B14786E00B23D39 /* User.swift */; };
		6AD217802B14798300B23D39 /* RouterView.swift in Sources */ = {isa = PBXBuildFile; fileRef = 6AD2177F2B14798300B23D39 /* RouterView.swift */; };
		6AD217822B1479AB00B23D39 /* LoginView.swift in Sources */ = {isa = PBXBuildFile; fileRef = 6AD217812B1479AB00B23D39 /* LoginView.swift */; };
		6AD217842B147B4B00B23D39 /* LoginViewModel.swift in Sources */ = {isa = PBXBuildFile; fileRef = 6AD217832B147B4B00B23D39 /* LoginViewModel.swift */; };
		6AD217872B14A4C800B23D39 /* LoginButtonView.swift in Sources */ = {isa = PBXBuildFile; fileRef = 6AD217862B14A4C800B23D39 /* LoginButtonView.swift */; };
		6AD217892B14A6BC00B23D39 /* LoginTextFieldView.swift in Sources */ = {isa = PBXBuildFile; fileRef = 6AD217882B14A6BC00B23D39 /* LoginTextFieldView.swift */; };
		6AD217902B14AF6500B23D39 /* LogoutButtonView.swift in Sources */ = {isa = PBXBuildFile; fileRef = 6AD2178F2B14AF6500B23D39 /* LogoutButtonView.swift */; };
		6AD2179B2B28A17700B23D39 /* LoginTextCountView.swift in Sources */ = {isa = PBXBuildFile; fileRef = 6AD2179A2B28A17700B23D39 /* LoginTextCountView.swift */; };
		6AD2179E2B28D3F000B23D39 /* RootViewModel.swift in Sources */ = {isa = PBXBuildFile; fileRef = 6AD2179D2B28D3F000B23D39 /* RootViewModel.swift */; };
		6AD217A12B28D43A00B23D39 /* StorageManager.swift in Sources */ = {isa = PBXBuildFile; fileRef = 6AD217A02B28D43A00B23D39 /* StorageManager.swift */; };
/* End PBXBuildFile section */

/* Begin PBXFileReference section */
		6AD217522B13353000B23D39 /* Lesson-4.03_LoginField&Timer.app */ = {isa = PBXFileReference; explicitFileType = wrapper.application; includeInIndex = 0; path = "Lesson-4.03_LoginField&Timer.app"; sourceTree = BUILT_PRODUCTS_DIR; };
		6AD217552B13353000B23D39 /* Lesson_4_03_LoginField_TimerApp.swift */ = {isa = PBXFileReference; lastKnownFileType = sourcecode.swift; path = Lesson_4_03_LoginField_TimerApp.swift; sourceTree = "<group>"; };
		6AD217572B13353000B23D39 /* TimerView.swift */ = {isa = PBXFileReference; lastKnownFileType = sourcecode.swift; path = TimerView.swift; sourceTree = "<group>"; };
		6AD217592B13353100B23D39 /* Assets.xcassets */ = {isa = PBXFileReference; lastKnownFileType = folder.assetcatalog; path = Assets.xcassets; sourceTree = "<group>"; };
		6AD2175C2B13353100B23D39 /* Preview Assets.xcassets */ = {isa = PBXFileReference; lastKnownFileType = folder.assetcatalog; path = "Preview Assets.xcassets"; sourceTree = "<group>"; };
		6AD2176B2B13389800B23D39 /* StartButtonView.swift */ = {isa = PBXFileReference; lastKnownFileType = sourcecode.swift; path = StartButtonView.swift; sourceTree = "<group>"; };
		6AD217702B133FB800B23D39 /* MainTextView.swift */ = {isa = PBXFileReference; lastKnownFileType = sourcecode.swift; path = MainTextView.swift; sourceTree = "<group>"; };
		6AD217732B135A1800B23D39 /* TimeCounter.swift */ = {isa = PBXFileReference; lastKnownFileType = sourcecode.swift; path = TimeCounter.swift; sourceTree = "<group>"; };
		6AD217752B135E3A00B23D39 /* TimerViewModel.swift */ = {isa = PBXFileReference; lastKnownFileType = sourcecode.swift; path = TimerViewModel.swift; sourceTree = "<group>"; };
		6AD217782B13AB2C00B23D39 /* DraftButtonTitleView.swift */ = {isa = PBXFileReference; lastKnownFileType = sourcecode.swift; path = DraftButtonTitleView.swift; sourceTree = "<group>"; };
		6AD2177A2B13AB9900B23D39 /* DraftButtonView.swift */ = {isa = PBXFileReference; lastKnownFileType = sourcecode.swift; path = DraftButtonView.swift; sourceTree = "<group>"; };
		6AD2177C2B14786E00B23D39 /* User.swift */ = {isa = PBXFileReference; lastKnownFileType = sourcecode.swift; path = User.swift; sourceTree = "<group>"; };
		6AD2177F2B14798300B23D39 /* RouterView.swift */ = {isa = PBXFileReference; lastKnownFileType = sourcecode.swift; path = RouterView.swift; sourceTree = "<group>"; };
		6AD217812B1479AB00B23D39 /* LoginView.swift */ = {isa = PBXFileReference; lastKnownFileType = sourcecode.swift; path = LoginView.swift; sourceTree = "<group>"; };
		6AD217832B147B4B00B23D39 /* LoginViewModel.swift */ = {isa = PBXFileReference; lastKnownFileType = sourcecode.swift; path = LoginViewModel.swift; sourceTree = "<group>"; };
		6AD217862B14A4C800B23D39 /* LoginButtonView.swift */ = {isa = PBXFileReference; lastKnownFileType = sourcecode.swift; path = LoginButtonView.swift; sourceTree = "<group>"; };
		6AD217882B14A6BC00B23D39 /* LoginTextFieldView.swift */ = {isa = PBXFileReference; lastKnownFileType = sourcecode.swift; path = LoginTextFieldView.swift; sourceTree = "<group>"; };
		6AD2178F2B14AF6500B23D39 /* LogoutButtonView.swift */ = {isa = PBXFileReference; lastKnownFileType = sourcecode.swift; path = LogoutButtonView.swift; sourceTree = "<group>"; };
		6AD2179A2B28A17700B23D39 /* LoginTextCountView.swift */ = {isa = PBXFileReference; lastKnownFileType = sourcecode.swift; path = LoginTextCountView.swift; sourceTree = "<group>"; };
		6AD2179D2B28D3F000B23D39 /* RootViewModel.swift */ = {isa = PBXFileReference; lastKnownFileType = sourcecode.swift; path = RootViewModel.swift; sourceTree = "<group>"; };
		6AD217A02B28D43A00B23D39 /* StorageManager.swift */ = {isa = PBXFileReference; lastKnownFileType = sourcecode.swift; path = StorageManager.swift; sourceTree = "<group>"; };
/* End PBXFileReference section */

/* Begin PBXFrameworksBuildPhase section */
		6AD2174F2B13353000B23D39 /* Frameworks */ = {
			isa = PBXFrameworksBuildPhase;
			buildActionMask = 2147483647;
			files = (
			);
			runOnlyForDeploymentPostprocessing = 0;
		};
/* End PBXFrameworksBuildPhase section */

/* Begin PBXGroup section */
		6AD217492B13353000B23D39 = {
			isa = PBXGroup;
			children = (
				6AD217542B13353000B23D39 /* Lesson-4.03_LoginField&Timer */,
				6AD217532B13353000B23D39 /* Products */,
			);
			sourceTree = "<group>";
		};
		6AD217532B13353000B23D39 /* Products */ = {
			isa = PBXGroup;
			children = (
				6AD217522B13353000B23D39 /* Lesson-4.03_LoginField&Timer.app */,
			);
			name = Products;
			sourceTree = "<group>";
		};
		6AD217542B13353000B23D39 /* Lesson-4.03_LoginField&Timer */ = {
			isa = PBXGroup;
			children = (
				6AD217552B13353000B23D39 /* Lesson_4_03_LoginField_TimerApp.swift */,
				6AD217652B1335F200B23D39 /* Models */,
				6AD217642B1335E400B23D39 /* Views */,
				6AD2179F2B28D41E00B23D39 /* Utilities */,
				6AD217632B1335D300B23D39 /* Resources */,
				6AD2175B2B13353100B23D39 /* Preview Content */,
			);
			path = "Lesson-4.03_LoginField&Timer";
			sourceTree = "<group>";
		};
		6AD2175B2B13353100B23D39 /* Preview Content */ = {
			isa = PBXGroup;
			children = (
				6AD2175C2B13353100B23D39 /* Preview Assets.xcassets */,
			);
			path = "Preview Content";
			sourceTree = "<group>";
		};
		6AD217632B1335D300B23D39 /* Resources */ = {
			isa = PBXGroup;
			children = (
				6AD217592B13353100B23D39 /* Assets.xcassets */,
			);
			path = Resources;
			sourceTree = "<group>";
		};
		6AD217642B1335E400B23D39 /* Views */ = {
			isa = PBXGroup;
			children = (
				6AD2179C2B28D38800B23D39 /* RootScene */,
				6AD2177E2B14795200B23D39 /* LoginScene */,
				6AD2176A2B13385E00B23D39 /* TimerScene */,
			);
			path = Views;
			sourceTree = "<group>";
		};
		6AD217652B1335F200B23D39 /* Models */ = {
			isa = PBXGroup;
			children = (
				6AD217732B135A1800B23D39 /* TimeCounter.swift */,
				6AD2177C2B14786E00B23D39 /* User.swift */,
			);
			path = Models;
			sourceTree = "<group>";
		};
		6AD2176A2B13385E00B23D39 /* TimerScene */ = {
			isa = PBXGroup;
			children = (
				6AD217752B135E3A00B23D39 /* TimerViewModel.swift */,
				6AD217572B13353000B23D39 /* TimerView.swift */,
				6AD217722B1358BF00B23D39 /* MainViewSubviews */,
			);
			path = TimerScene;
			sourceTree = "<group>";
		};
		6AD217722B1358BF00B23D39 /* MainViewSubviews */ = {
			isa = PBXGroup;
			children = (
				6AD217702B133FB800B23D39 /* MainTextView.swift */,
				6AD2176B2B13389800B23D39 /* StartButtonView.swift */,
				6AD2178F2B14AF6500B23D39 /* LogoutButtonView.swift */,
				6AD217772B13AAF900B23D39 /* DraftViews */,
			);
			path = MainViewSubviews;
			sourceTree = "<group>";
		};
		6AD217772B13AAF900B23D39 /* DraftViews */ = {
			isa = PBXGroup;
			children = (
				6AD2177A2B13AB9900B23D39 /* DraftButtonView.swift */,
				6AD217782B13AB2C00B23D39 /* DraftButtonTitleView.swift */,
			);
			path = DraftViews;
			sourceTree = "<group>";
		};
		6AD2177E2B14795200B23D39 /* LoginScene */ = {
			isa = PBXGroup;
			children = (
				6AD217832B147B4B00B23D39 /* LoginViewModel.swift */,
				6AD217812B1479AB00B23D39 /* LoginView.swift */,
				6AD217852B14A4A600B23D39 /* LoginViewSubviews */,
			);
			path = LoginScene;
			sourceTree = "<group>";
		};
		6AD217852B14A4A600B23D39 /* LoginViewSubviews */ = {
			isa = PBXGroup;
			children = (
				6AD217882B14A6BC00B23D39 /* LoginTextFieldView.swift */,
				6AD2179A2B28A17700B23D39 /* LoginTextCountView.swift */,
				6AD217862B14A4C800B23D39 /* LoginButtonView.swift */,
			);
			path = LoginViewSubviews;
			sourceTree = "<group>";
		};
		6AD2179C2B28D38800B23D39 /* RootScene */ = {
			isa = PBXGroup;
			children = (
				6AD2179D2B28D3F000B23D39 /* RootViewModel.swift */,
				6AD2177F2B14798300B23D39 /* RouterView.swift */,
			);
			path = RootScene;
			sourceTree = "<group>";
		};
		6AD2179F2B28D41E00B23D39 /* Utilities */ = {
			isa = PBXGroup;
			children = (
				6AD217A02B28D43A00B23D39 /* StorageManager.swift */,
			);
			path = Utilities;
			sourceTree = "<group>";
		};
/* End PBXGroup section */

/* Begin PBXNativeTarget section */
		6AD217512B13353000B23D39 /* Lesson-4.03_LoginField&Timer */ = {
			isa = PBXNativeTarget;
			buildConfigurationList = 6AD217602B13353100B23D39 /* Build configuration list for PBXNativeTarget "Lesson-4.03_LoginField&Timer" */;
			buildPhases = (
				6AD2174E2B13353000B23D39 /* Sources */,
				6AD2174F2B13353000B23D39 /* Frameworks */,
				6AD217502B13353000B23D39 /* Resources */,
			);
			buildRules = (
			);
			dependencies = (
			);
			name = "Lesson-4.03_LoginField&Timer";
			productName = "Lesson-4.03_LoginField&Timer";
			productReference = 6AD217522B13353000B23D39 /* Lesson-4.03_LoginField&Timer.app */;
			productType = "com.apple.product-type.application";
		};
/* End PBXNativeTarget section */

/* Begin PBXProject section */
		6AD2174A2B13353000B23D39 /* Project object */ = {
			isa = PBXProject;
			attributes = {
				BuildIndependentTargetsInParallel = 1;
				LastSwiftUpdateCheck = 1500;
				LastUpgradeCheck = 1500;
				TargetAttributes = {
					6AD217512B13353000B23D39 = {
						CreatedOnToolsVersion = 15.0.1;
					};
				};
			};
			buildConfigurationList = 6AD2174D2B13353000B23D39 /* Build configuration list for PBXProject "Lesson-4.03_LoginField&Timer" */;
			compatibilityVersion = "Xcode 14.0";
			developmentRegion = en;
			hasScannedForEncodings = 0;
			knownRegions = (
				en,
				Base,
			);
			mainGroup = 6AD217492B13353000B23D39;
			productRefGroup = 6AD217532B13353000B23D39 /* Products */;
			projectDirPath = "";
			projectRoot = "";
			targets = (
				6AD217512B13353000B23D39 /* Lesson-4.03_LoginField&Timer */,
			);
		};
/* End PBXProject section */

/* Begin PBXResourcesBuildPhase section */
		6AD217502B13353000B23D39 /* Resources */ = {
			isa = PBXResourcesBuildPhase;
			buildActionMask = 2147483647;
			files = (
				6AD2175D2B13353100B23D39 /* Preview Assets.xcassets in Resources */,
				6AD2175A2B13353100B23D39 /* Assets.xcassets in Resources */,
			);
			runOnlyForDeploymentPostprocessing = 0;
		};
/* End PBXResourcesBuildPhase section */

/* Begin PBXSourcesBuildPhase section */
		6AD2174E2B13353000B23D39 /* Sources */ = {
			isa = PBXSourcesBuildPhase;
			buildActionMask = 2147483647;
			files = (
				6AD217822B1479AB00B23D39 /* LoginView.swift in Sources */,
				6AD217842B147B4B00B23D39 /* LoginViewModel.swift in Sources */,
				6AD217712B133FB800B23D39 /* MainTextView.swift in Sources */,
				6AD217A12B28D43A00B23D39 /* StorageManager.swift in Sources */,
				6AD217792B13AB2C00B23D39 /* DraftButtonTitleView.swift in Sources */,
				6AD2177B2B13AB9900B23D39 /* DraftButtonView.swift in Sources */,
				6AD2179B2B28A17700B23D39 /* LoginTextCountView.swift in Sources */,
				6AD217582B13353000B23D39 /* TimerView.swift in Sources */,
				6AD217902B14AF6500B23D39 /* LogoutButtonView.swift in Sources */,
				6AD217892B14A6BC00B23D39 /* LoginTextFieldView.swift in Sources */,
				6AD217872B14A4C800B23D39 /* LoginButtonView.swift in Sources */,
				6AD217802B14798300B23D39 /* RouterView.swift in Sources */,
				6AD2176C2B13389800B23D39 /* StartButtonView.swift in Sources */,
				6AD2177D2B14786E00B23D39 /* User.swift in Sources */,
				6AD217562B13353000B23D39 /* Lesson_4_03_LoginField_TimerApp.swift in Sources */,
				6AD217742B135A1800B23D39 /* TimeCounter.swift in Sources */,
				6AD217762B135E3A00B23D39 /* TimerViewModel.swift in Sources */,
				6AD2179E2B28D3F000B23D39 /* RootViewModel.swift in Sources */,
			);
			runOnlyForDeploymentPostprocessing = 0;
		};
/* End PBXSourcesBuildPhase section */

/* Begin XCBuildConfiguration section */
		6AD2175E2B13353100B23D39 /* Debug */ = {
			isa = XCBuildConfiguration;
			buildSettings = {
				ALWAYS_SEARCH_USER_PATHS = NO;
				ASSETCATALOG_COMPILER_GENERATE_SWIFT_ASSET_SYMBOL_EXTENSIONS = YES;
				CLANG_ANALYZER_NONNULL = YES;
				CLANG_ANALYZER_NUMBER_OBJECT_CONVERSION = YES_AGGRESSIVE;
				CLANG_CXX_LANGUAGE_STANDARD = "gnu++20";
				CLANG_ENABLE_MODULES = YES;
				CLANG_ENABLE_OBJC_ARC = YES;
				CLANG_ENABLE_OBJC_WEAK = YES;
				CLANG_WARN_BLOCK_CAPTURE_AUTORELEASING = YES;
				CLANG_WARN_BOOL_CONVERSION = YES;
				CLANG_WARN_COMMA = YES;
				CLANG_WARN_CONSTANT_CONVERSION = YES;
				CLANG_WARN_DEPRECATED_OBJC_IMPLEMENTATIONS = YES;
				CLANG_WARN_DIRECT_OBJC_ISA_USAGE = YES_ERROR;
				CLANG_WARN_DOCUMENTATION_COMMENTS = YES;
				CLANG_WARN_EMPTY_BODY = YES;
				CLANG_WARN_ENUM_CONVERSION = YES;
				CLANG_WARN_INFINITE_RECURSION = YES;
				CLANG_WARN_INT_CONVERSION = YES;
				CLANG_WARN_NON_LITERAL_NULL_CONVERSION = YES;
				CLANG_WARN_OBJC_IMPLICIT_RETAIN_SELF = YES;
				CLANG_WARN_OBJC_LITERAL_CONVERSION = YES;
				CLANG_WARN_OBJC_ROOT_CLASS = YES_ERROR;
				CLANG_WARN_QUOTED_INCLUDE_IN_FRAMEWORK_HEADER = YES;
				CLANG_WARN_RANGE_LOOP_ANALYSIS = YES;
				CLANG_WARN_STRICT_PROTOTYPES = YES;
				CLANG_WARN_SUSPICIOUS_MOVE = YES;
				CLANG_WARN_UNGUARDED_AVAILABILITY = YES_AGGRESSIVE;
				CLANG_WARN_UNREACHABLE_CODE = YES;
				CLANG_WARN__DUPLICATE_METHOD_MATCH = YES;
				COPY_PHASE_STRIP = NO;
				DEBUG_INFORMATION_FORMAT = dwarf;
				ENABLE_STRICT_OBJC_MSGSEND = YES;
				ENABLE_TESTABILITY = YES;
				ENABLE_USER_SCRIPT_SANDBOXING = YES;
				GCC_C_LANGUAGE_STANDARD = gnu17;
				GCC_DYNAMIC_NO_PIC = NO;
				GCC_NO_COMMON_BLOCKS = YES;
				GCC_OPTIMIZATION_LEVEL = 0;
				GCC_PREPROCESSOR_DEFINITIONS = (
					"DEBUG=1",
					"$(inherited)",
				);
				GCC_WARN_64_TO_32_BIT_CONVERSION = YES;
				GCC_WARN_ABOUT_RETURN_TYPE = YES_ERROR;
				GCC_WARN_UNDECLARED_SELECTOR = YES;
				GCC_WARN_UNINITIALIZED_AUTOS = YES_AGGRESSIVE;
				GCC_WARN_UNUSED_FUNCTION = YES;
				GCC_WARN_UNUSED_VARIABLE = YES;
				IPHONEOS_DEPLOYMENT_TARGET = 17.0;
				LOCALIZATION_PREFERS_STRING_CATALOGS = YES;
				MTL_ENABLE_DEBUG_INFO = INCLUDE_SOURCE;
				MTL_FAST_MATH = YES;
				ONLY_ACTIVE_ARCH = YES;
				SDKROOT = iphoneos;
				SWIFT_ACTIVE_COMPILATION_CONDITIONS = "DEBUG $(inherited)";
				SWIFT_OPTIMIZATION_LEVEL = "-Onone";
			};
			name = Debug;
		};
		6AD2175F2B13353100B23D39 /* Release */ = {
			isa = XCBuildConfiguration;
			buildSettings = {
				ALWAYS_SEARCH_USER_PATHS = NO;
				ASSETCATALOG_COMPILER_GENERATE_SWIFT_ASSET_SYMBOL_EXTENSIONS = YES;
				CLANG_ANALYZER_NONNULL = YES;
				CLANG_ANALYZER_NUMBER_OBJECT_CONVERSION = YES_AGGRESSIVE;
				CLANG_CXX_LANGUAGE_STANDARD = "gnu++20";
				CLANG_ENABLE_MODULES = YES;
				CLANG_ENABLE_OBJC_ARC = YES;
				CLANG_ENABLE_OBJC_WEAK = YES;
				CLANG_WARN_BLOCK_CAPTURE_AUTORELEASING = YES;
				CLANG_WARN_BOOL_CONVERSION = YES;
				CLANG_WARN_COMMA = YES;
				CLANG_WARN_CONSTANT_CONVERSION = YES;
				CLANG_WARN_DEPRECATED_OBJC_IMPLEMENTATIONS = YES;
				CLANG_WARN_DIRECT_OBJC_ISA_USAGE = YES_ERROR;
				CLANG_WARN_DOCUMENTATION_COMMENTS = YES;
				CLANG_WARN_EMPTY_BODY = YES;
				CLANG_WARN_ENUM_CONVERSION = YES;
				CLANG_WARN_INFINITE_RECURSION = YES;
				CLANG_WARN_INT_CONVERSION = YES;
				CLANG_WARN_NON_LITERAL_NULL_CONVERSION = YES;
				CLANG_WARN_OBJC_IMPLICIT_RETAIN_SELF = YES;
				CLANG_WARN_OBJC_LITERAL_CONVERSION = YES;
				CLANG_WARN_OBJC_ROOT_CLASS = YES_ERROR;
				CLANG_WARN_QUOTED_INCLUDE_IN_FRAMEWORK_HEADER = YES;
				CLANG_WARN_RANGE_LOOP_ANALYSIS = YES;
				CLANG_WARN_STRICT_PROTOTYPES = YES;
				CLANG_WARN_SUSPICIOUS_MOVE = YES;
				CLANG_WARN_UNGUARDED_AVAILABILITY = YES_AGGRESSIVE;
				CLANG_WARN_UNREACHABLE_CODE = YES;
				CLANG_WARN__DUPLICATE_METHOD_MATCH = YES;
				COPY_PHASE_STRIP = NO;
				DEBUG_INFORMATION_FORMAT = "dwarf-with-dsym";
				ENABLE_NS_ASSERTIONS = NO;
				ENABLE_STRICT_OBJC_MSGSEND = YES;
				ENABLE_USER_SCRIPT_SANDBOXING = YES;
				GCC_C_LANGUAGE_STANDARD = gnu17;
				GCC_NO_COMMON_BLOCKS = YES;
				GCC_WARN_64_TO_32_BIT_CONVERSION = YES;
				GCC_WARN_ABOUT_RETURN_TYPE = YES_ERROR;
				GCC_WARN_UNDECLARED_SELECTOR = YES;
				GCC_WARN_UNINITIALIZED_AUTOS = YES_AGGRESSIVE;
				GCC_WARN_UNUSED_FUNCTION = YES;
				GCC_WARN_UNUSED_VARIABLE = YES;
				IPHONEOS_DEPLOYMENT_TARGET = 17.0;
				LOCALIZATION_PREFERS_STRING_CATALOGS = YES;
				MTL_ENABLE_DEBUG_INFO = NO;
				MTL_FAST_MATH = YES;
				SDKROOT = iphoneos;
				SWIFT_COMPILATION_MODE = wholemodule;
				VALIDATE_PRODUCT = YES;
			};
			name = Release;
		};
		6AD217612B13353100B23D39 /* Debug */ = {
			isa = XCBuildConfiguration;
			buildSettings = {
				ASSETCATALOG_COMPILER_APPICON_NAME = AppIcon;
				ASSETCATALOG_COMPILER_GLOBAL_ACCENT_COLOR_NAME = AccentColor;
				CODE_SIGN_STYLE = Automatic;
				CURRENT_PROJECT_VERSION = 1;
				DEVELOPMENT_ASSET_PATHS = "\"Lesson-4.03_LoginField&Timer/Preview Content\"";
				DEVELOPMENT_TEAM = J5RS3T7663;
				ENABLE_PREVIEWS = YES;
				GENERATE_INFOPLIST_FILE = YES;
				INFOPLIST_KEY_UIApplicationSceneManifest_Generation = YES;
				INFOPLIST_KEY_UIApplicationSupportsIndirectInputEvents = YES;
				INFOPLIST_KEY_UILaunchScreen_Generation = YES;
				INFOPLIST_KEY_UISupportedInterfaceOrientations_iPad = "UIInterfaceOrientationPortrait UIInterfaceOrientationPortraitUpsideDown UIInterfaceOrientationLandscapeLeft UIInterfaceOrientationLandscapeRight";
				INFOPLIST_KEY_UISupportedInterfaceOrientations_iPhone = "UIInterfaceOrientationPortrait UIInterfaceOrientationLandscapeLeft UIInterfaceOrientationLandscapeRight";
				LD_RUNPATH_SEARCH_PATHS = (
					"$(inherited)",
					"@executable_path/Frameworks",
				);
				MARKETING_VERSION = 1.0;
				PRODUCT_BUNDLE_IDENTIFIER = "me.iurii.kurinnoi.Lesson-4-03-LoginField-Timer";
				PRODUCT_NAME = "$(TARGET_NAME)";
				SWIFT_EMIT_LOC_STRINGS = YES;
				SWIFT_VERSION = 5.0;
				TARGETED_DEVICE_FAMILY = "1,2";
			};
			name = Debug;
		};
		6AD217622B13353100B23D39 /* Release */ = {
			isa = XCBuildConfiguration;
			buildSettings = {
				ASSETCATALOG_COMPILER_APPICON_NAME = AppIcon;
				ASSETCATALOG_COMPILER_GLOBAL_ACCENT_COLOR_NAME = AccentColor;
				CODE_SIGN_STYLE = Automatic;
				CURRENT_PROJECT_VERSION = 1;
				DEVELOPMENT_ASSET_PATHS = "\"Lesson-4.03_LoginField&Timer/Preview Content\"";
				DEVELOPMENT_TEAM = J5RS3T7663;
				ENABLE_PREVIEWS = YES;
				GENERATE_INFOPLIST_FILE = YES;
				INFOPLIST_KEY_UIApplicationSceneManifest_Generation = YES;
				INFOPLIST_KEY_UIApplicationSupportsIndirectInputEvents = YES;
				INFOPLIST_KEY_UILaunchScreen_Generation = YES;
				INFOPLIST_KEY_UISupportedInterfaceOrientations_iPad = "UIInterfaceOrientationPortrait UIInterfaceOrientationPortraitUpsideDown UIInterfaceOrientationLandscapeLeft UIInterfaceOrientationLandscapeRight";
				INFOPLIST_KEY_UISupportedInterfaceOrientations_iPhone = "UIInterfaceOrientationPortrait UIInterfaceOrientationLandscapeLeft UIInterfaceOrientationLandscapeRight";
				LD_RUNPATH_SEARCH_PATHS = (
					"$(inherited)",
					"@executable_path/Frameworks",
				);
				MARKETING_VERSION = 1.0;
				PRODUCT_BUNDLE_IDENTIFIER = "me.iurii.kurinnoi.Lesson-4-03-LoginField-Timer";
				PRODUCT_NAME = "$(TARGET_NAME)";
				SWIFT_EMIT_LOC_STRINGS = YES;
				SWIFT_VERSION = 5.0;
				TARGETED_DEVICE_FAMILY = "1,2";
			};
			name = Release;
		};
/* End XCBuildConfiguration section */

/* Begin XCConfigurationList section */
		6AD2174D2B13353000B23D39 /* Build configuration list for PBXProject "Lesson-4.03_LoginField&Timer" */ = {
			isa = XCConfigurationList;
			buildConfigurations = (
				6AD2175E2B13353100B23D39 /* Debug */,
				6AD2175F2B13353100B23D39 /* Release */,
			);
			defaultConfigurationIsVisible = 0;
			defaultConfigurationName = Release;
		};
		6AD217602B13353100B23D39 /* Build configuration list for PBXNativeTarget "Lesson-4.03_LoginField&Timer" */ = {
			isa = XCConfigurationList;
			buildConfigurations = (
				6AD217612B13353100B23D39 /* Debug */,
				6AD217622B13353100B23D39 /* Release */,
			);
			defaultConfigurationIsVisible = 0;
			defaultConfigurationName = Release;
		};
/* End XCConfigurationList section */
	};
	rootObject = 6AD2174A2B13353000B23D39 /* Project object */;
}
